
Microsoft Visual Studio Solution File, Format Version 12.00
Project("{FAE04EC0-301F-11D3-BF4B-00C04F79EFBC}") = "Chaser", "Chaser\Chaser.csproj", "{9FA34800-1D52-4809-91E0-5EA6AED81EE6}"
EndProject
Project("{FAE04EC0-301F-11D3-BF4B-00C04F79EFBC}") = "Writer", "Writer\Writer.csproj", "{B46FE603-8D2D-483C-8EEF-679CD8D973C5}"
EndProject
Project("{FAE04EC0-301F-11D3-BF4B-00C04F79EFBC}") = "Shared", "Shared\Shared.csproj", "{7E833F2A-B0AF-4FBF-95AC-523975EB55ED}"
EndProject
Global
	GlobalSection(SolutionConfigurationPlatforms) = preSolution
		Debug|Any CPU = Debug|Any CPU
		Release|Any CPU = Release|Any CPU
	EndGlobalSection
	GlobalSection(ProjectConfigurationPlatforms) = postSolution
		{9FA34800-1D52-4809-91E0-5EA6AED81EE6}.Debug|Any CPU.ActiveCfg = Debug|Any CPU
		{9FA34800-1D52-4809-91E0-5EA6AED81EE6}.Debug|Any CPU.Build.0 = Debug|Any CPU
		{9FA34800-1D52-4809-91E0-5EA6AED81EE6}.Release|Any CPU.ActiveCfg = Release|Any CPU
		{9FA34800-1D52-4809-91E0-5EA6AED81EE6}.Release|Any CPU.Build.0 = Release|Any CPU
		{B46FE603-8D2D-483C-8EEF-679CD8D973C5}.Debug|Any CPU.ActiveCfg = Debug|Any CPU
		{B46FE603-8D2D-483C-8EEF-679CD8D973C5}.Debug|Any CPU.Build.0 = Debug|Any CPU
		{B46FE603-8D2D-483C-8EEF-679CD8D973C5}.Release|Any CPU.ActiveCfg = Release|Any CPU
		{B46FE603-8D2D-483C-8EEF-679CD8D973C5}.Release|Any CPU.Build.0 = Release|Any CPU
		{7E833F2A-B0AF-4FBF-95AC-523975EB55ED}.Debug|Any CPU.ActiveCfg = Debug|Any CPU
		{7E833F2A-B0AF-4FBF-95AC-523975EB55ED}.Debug|Any CPU.Build.0 = Debug|Any CPU
		{7E833F2A-B0AF-4FBF-95AC-523975EB55ED}.Release|Any CPU.ActiveCfg = Release|Any CPU
		{7E833F2A-B0AF-4FBF-95AC-523975EB55ED}.Release|Any CPU.Build.0 = Release|Any CPU
	EndGlobalSection
EndGlobal
